
Microsoft Visual Studio Solution File, Format Version 12.00
# Visual Studio 15
VisualStudioVersion = 15.0.28010.2050
MinimumVisualStudioVersion = 10.0.40219.1
Project("{FAE04EC0-301F-11D3-BF4B-00C04F79EFBC}") = "Inspinia_MVC5_SeedProject", "Inspinia_MVC5_SeedProject\Inspinia_MVC5_SeedProject.csproj", "{86CADB26-5817-46B6-88C7-76D5753722C3}"
EndProject
Project("{FAE04EC0-301F-11D3-BF4B-00C04F79EFBC}") = "WebAPI", "Web-API\WebAPI.csproj", "{5B4008F4-80D4-4D9F-88BD-FD146B01DCEA}"
EndProject
Global
	GlobalSection(SolutionConfigurationPlatforms) = preSolution
		Debug|Any CPU = Debug|Any CPU
		Release|Any CPU = Release|Any CPU
	EndGlobalSection
	GlobalSection(ProjectConfigurationPlatforms) = postSolution
		{86CADB26-5817-46B6-88C7-76D5753722C3}.Debug|Any CPU.ActiveCfg = Debug|Any CPU
		{86CADB26-5817-46B6-88C7-76D5753722C3}.Debug|Any CPU.Build.0 = Debug|Any CPU
		{86CADB26-5817-46B6-88C7-76D5753722C3}.Release|Any CPU.ActiveCfg = Release|Any CPU
		{86CADB26-5817-46B6-88C7-76D5753722C3}.Release|Any CPU.Build.0 = Release|Any CPU
		{5B4008F4-80D4-4D9F-88BD-FD146B01DCEA}.Debug|Any CPU.ActiveCfg = Debug|Any CPU
		{5B4008F4-80D4-4D9F-88BD-FD146B01DCEA}.Debug|Any CPU.Build.0 = Debug|Any CPU
		{5B4008F4-80D4-4D9F-88BD-FD146B01DCEA}.Release|Any CPU.ActiveCfg = Release|Any CPU
		{5B4008F4-80D4-4D9F-88BD-FD146B01DCEA}.Release|Any CPU.Build.0 = Release|Any CPU
	EndGlobalSection
	GlobalSection(SolutionProperties) = preSolution
		HideSolutionNode = FALSE
	EndGlobalSection
	GlobalSection(ExtensibilityGlobals) = postSolution
		SolutionGuid = {35CA667E-3419-4552-B889-605C2640DC63}
	EndGlobalSection
EndGlobal
